
Microsoft Visual Studio Solution File, Format Version 12.00
# Visual Studio 15
VisualStudioVersion = 15.0.28307.489
MinimumVisualStudioVersion = 10.0.40219.1
Project("{FAE04EC0-301F-11D3-BF4B-00C04F79EFBC}") = "Ezberletici", "Ezberletici\Ezberletici.csproj", "{10B41554-29F3-4F3F-9808-40EAA20B1B84}"
EndProject
Project("{FAE04EC0-301F-11D3-BF4B-00C04F79EFBC}") = "ApplicationConfig", "ApplicationConfig\ApplicationConfig.csproj", "{EC6E908F-9336-431C-9D65-AC7AE024839C}"
EndProject
Project("{FAE04EC0-301F-11D3-BF4B-00C04F79EFBC}") = "WordOperations", "WordOperations\WordOperations.csproj", "{EC21139E-8629-455C-8531-09FB89FC61D2}"
EndProject
Global
	GlobalSection(SolutionConfigurationPlatforms) = preSolution
		Debug|Any CPU = Debug|Any CPU
		Release|Any CPU = Release|Any CPU
	EndGlobalSection
	GlobalSection(ProjectConfigurationPlatforms) = postSolution
		{10B41554-29F3-4F3F-9808-40EAA20B1B84}.Debug|Any CPU.ActiveCfg = Debug|Any CPU
		{10B41554-29F3-4F3F-9808-40EAA20B1B84}.Debug|Any CPU.Build.0 = Debug|Any CPU
		{10B41554-29F3-4F3F-9808-40EAA20B1B84}.Release|Any CPU.ActiveCfg = Release|Any CPU
		{10B41554-29F3-4F3F-9808-40EAA20B1B84}.Release|Any CPU.Build.0 = Release|Any CPU
		{EC6E908F-9336-431C-9D65-AC7AE024839C}.Debug|Any CPU.ActiveCfg = Debug|Any CPU
		{EC6E908F-9336-431C-9D65-AC7AE024839C}.Debug|Any CPU.Build.0 = Debug|Any CPU
		{EC6E908F-9336-431C-9D65-AC7AE024839C}.Release|Any CPU.ActiveCfg = Release|Any CPU
		{EC6E908F-9336-431C-9D65-AC7AE024839C}.Release|Any CPU.Build.0 = Release|Any CPU
		{EC21139E-8629-455C-8531-09FB89FC61D2}.Debug|Any CPU.ActiveCfg = Debug|Any CPU
		{EC21139E-8629-455C-8531-09FB89FC61D2}.Debug|Any CPU.Build.0 = Debug|Any CPU
		{EC21139E-8629-455C-8531-09FB89FC61D2}.Release|Any CPU.ActiveCfg = Release|Any CPU
		{EC21139E-8629-455C-8531-09FB89FC61D2}.Release|Any CPU.Build.0 = Release|Any CPU
	EndGlobalSection
	GlobalSection(SolutionProperties) = preSolution
		HideSolutionNode = FALSE
	EndGlobalSection
	GlobalSection(ExtensibilityGlobals) = postSolution
		SolutionGuid = {A9852578-2900-4A55-98A7-8315CC6B5648}
	EndGlobalSection
EndGlobal
